
Microsoft Visual Studio Solution File, Format Version 12.00
# Visual Studio Version 16
VisualStudioVersion = 16.0.30717.126
MinimumVisualStudioVersion = 10.0.40219.1
Project("{FAE04EC0-301F-11D3-BF4B-00C04F79EFBC}") = "WebApi", "WebApi\WebApi.csproj", "{13198C45-5B7C-447D-BA2C-171C3D18A5E8}"
EndProject
Global
	GlobalSection(SolutionConfigurationPlatforms) = preSolution
		Debug|Any CPU = Debug|Any CPU
		Release|Any CPU = Release|Any CPU
	EndGlobalSection
	GlobalSection(ProjectConfigurationPlatforms) = postSolution
		{13198C45-5B7C-447D-BA2C-171C3D18A5E8}.Debug|Any CPU.ActiveCfg = Debug|Any CPU
		{13198C45-5B7C-447D-BA2C-171C3D18A5E8}.Debug|Any CPU.Build.0 = Debug|Any CPU
		{13198C45-5B7C-447D-BA2C-171C3D18A5E8}.Release|Any CPU.ActiveCfg = Release|Any CPU
		{13198C45-5B7C-447D-BA2C-171C3D18A5E8}.Release|Any CPU.Build.0 = Release|Any CPU
	EndGlobalSection
	GlobalSection(SolutionProperties) = preSolution
		HideSolutionNode = FALSE
	EndGlobalSection
	GlobalSection(ExtensibilityGlobals) = postSolution
		SolutionGuid = {0F997526-F8B7-4EA2-BBD3-1C729307059F}
	EndGlobalSection
EndGlobal
